
Microsoft Visual Studio Solution File, Format Version 12.00
# Visual Studio Version 17
VisualStudioVersion = 17.4.33110.190
MinimumVisualStudioVersion = 10.0.40219.1
Project("{9A19103F-16F7-4668-BE54-9A1E7A4F7556}") = "ChannelEngine_ConsoleApp", "ChannelEngine_ConsoleApp\ChannelEngine_ConsoleApp.csproj", "{6DCD0174-0AD2-4165-85D2-ED5C017F21EE}"
EndProject
Project("{9A19103F-16F7-4668-BE54-9A1E7A4F7556}") = "ChannelEngine_BL", "ChannelEngine_BL\ChannelEngine_BL.csproj", "{BB53C702-62BA-40F0-B788-5C2FED5E0529}"
EndProject
Project("{9A19103F-16F7-4668-BE54-9A1E7A4F7556}") = "ChannelEngine_BL_UnitTestCase", "ChannelEngine_BL_UnitTestCase\ChannelEngine_BL_UnitTestCase.csproj", "{0C9058A0-7909-46AB-8AC4-BA03BF3C505C}"
EndProject
Project("{9A19103F-16F7-4668-BE54-9A1E7A4F7556}") = "ChannelEngine_WebApp_TestCase", "ChannelEngine_WebApp_TestCase\ChannelEngine_WebApp_TestCase.csproj", "{F75E0E2C-32AD-4965-A41C-41E45132DADD}"
EndProject
Project("{9A19103F-16F7-4668-BE54-9A1E7A4F7556}") = "ChannelEngine_WebApp", "ChannelEngine_WebApp\ChannelEngine_WebApp.csproj", "{E41838C2-B81A-423E-A97D-731AF037F906}"
EndProject
Global
	GlobalSection(SolutionConfigurationPlatforms) = preSolution
		Debug|Any CPU = Debug|Any CPU
		Release|Any CPU = Release|Any CPU
	EndGlobalSection
	GlobalSection(ProjectConfigurationPlatforms) = postSolution
		{6DCD0174-0AD2-4165-85D2-ED5C017F21EE}.Debug|Any CPU.ActiveCfg = Debug|Any CPU
		{6DCD0174-0AD2-4165-85D2-ED5C017F21EE}.Debug|Any CPU.Build.0 = Debug|Any CPU
		{6DCD0174-0AD2-4165-85D2-ED5C017F21EE}.Release|Any CPU.ActiveCfg = Release|Any CPU
		{6DCD0174-0AD2-4165-85D2-ED5C017F21EE}.Release|Any CPU.Build.0 = Release|Any CPU
		{BB53C702-62BA-40F0-B788-5C2FED5E0529}.Debug|Any CPU.ActiveCfg = Debug|Any CPU
		{BB53C702-62BA-40F0-B788-5C2FED5E0529}.Debug|Any CPU.Build.0 = Debug|Any CPU
		{BB53C702-62BA-40F0-B788-5C2FED5E0529}.Release|Any CPU.ActiveCfg = Release|Any CPU
		{BB53C702-62BA-40F0-B788-5C2FED5E0529}.Release|Any CPU.Build.0 = Release|Any CPU
		{0C9058A0-7909-46AB-8AC4-BA03BF3C505C}.Debug|Any CPU.ActiveCfg = Debug|Any CPU
		{0C9058A0-7909-46AB-8AC4-BA03BF3C505C}.Debug|Any CPU.Build.0 = Debug|Any CPU
		{0C9058A0-7909-46AB-8AC4-BA03BF3C505C}.Release|Any CPU.ActiveCfg = Release|Any CPU
		{0C9058A0-7909-46AB-8AC4-BA03BF3C505C}.Release|Any CPU.Build.0 = Release|Any CPU
		{F75E0E2C-32AD-4965-A41C-41E45132DADD}.Debug|Any CPU.ActiveCfg = Debug|Any CPU
		{F75E0E2C-32AD-4965-A41C-41E45132DADD}.Debug|Any CPU.Build.0 = Debug|Any CPU
		{F75E0E2C-32AD-4965-A41C-41E45132DADD}.Release|Any CPU.ActiveCfg = Release|Any CPU
		{F75E0E2C-32AD-4965-A41C-41E45132DADD}.Release|Any CPU.Build.0 = Release|Any CPU
		{E41838C2-B81A-423E-A97D-731AF037F906}.Debug|Any CPU.ActiveCfg = Debug|Any CPU
		{E41838C2-B81A-423E-A97D-731AF037F906}.Debug|Any CPU.Build.0 = Debug|Any CPU
		{E41838C2-B81A-423E-A97D-731AF037F906}.Release|Any CPU.ActiveCfg = Release|Any CPU
		{E41838C2-B81A-423E-A97D-731AF037F906}.Release|Any CPU.Build.0 = Release|Any CPU
	EndGlobalSection
	GlobalSection(SolutionProperties) = preSolution
		HideSolutionNode = FALSE
	EndGlobalSection
	GlobalSection(ExtensibilityGlobals) = postSolution
		SolutionGuid = {74FE73DD-9E08-4BFC-82C5-E548C7FDDE75}
	EndGlobalSection
EndGlobal
